
Microsoft Visual Studio Solution File, Format Version 12.00
# Visual Studio Version 17
VisualStudioVersion = 17.6.33829.357
MinimumVisualStudioVersion = 10.0.40219.1
Project("{FAE04EC0-301F-11D3-BF4B-00C04F79EFBC}") = "TaskManagement.Api", "TaskManagement.Api.csproj", "{08D203F2-A152-41D9-99EF-DD0BF3B9CD29}"
EndProject
Project("{FAE04EC0-301F-11D3-BF4B-00C04F79EFBC}") = "TaskManagement.Application", "..\TaskManagement.Application\TaskManagement.Application.csproj", "{971C95CE-5F25-4205-B395-1554B49CCEE3}"
EndProject
Project("{FAE04EC0-301F-11D3-BF4B-00C04F79EFBC}") = "TaskManagement.Core", "..\TaskManagement.Core\TaskManagement.Core.csproj", "{8947442F-25F3-4A89-A120-85F7B52CCED2}"
EndProject
Project("{FAE04EC0-301F-11D3-BF4B-00C04F79EFBC}") = "TaskManagement.Infrastructure", "..\TaskManagement.Infrastructure\TaskManagement.Infrastructure.csproj", "{1A1E8562-0735-4BD8-8D01-25B1442602ED}"
EndProject
Project("{2150E333-8FDC-42A3-9474-1A3956D46DE8}") = "Solution Items", "Solution Items", "{9C2FA91E-D502-4A03-B187-239E1B9F43F9}"
	ProjectSection(SolutionItems) = preProject
		.editorconfig = .editorconfig
	EndProjectSection
EndProject
Global
	GlobalSection(SolutionConfigurationPlatforms) = preSolution
		Debug|Any CPU = Debug|Any CPU
		Release|Any CPU = Release|Any CPU
	EndGlobalSection
	GlobalSection(ProjectConfigurationPlatforms) = postSolution
		{08D203F2-A152-41D9-99EF-DD0BF3B9CD29}.Debug|Any CPU.ActiveCfg = Debug|Any CPU
		{08D203F2-A152-41D9-99EF-DD0BF3B9CD29}.Debug|Any CPU.Build.0 = Debug|Any CPU
		{08D203F2-A152-41D9-99EF-DD0BF3B9CD29}.Release|Any CPU.ActiveCfg = Release|Any CPU
		{08D203F2-A152-41D9-99EF-DD0BF3B9CD29}.Release|Any CPU.Build.0 = Release|Any CPU
		{971C95CE-5F25-4205-B395-1554B49CCEE3}.Debug|Any CPU.ActiveCfg = Debug|Any CPU
		{971C95CE-5F25-4205-B395-1554B49CCEE3}.Debug|Any CPU.Build.0 = Debug|Any CPU
		{971C95CE-5F25-4205-B395-1554B49CCEE3}.Release|Any CPU.ActiveCfg = Release|Any CPU
		{971C95CE-5F25-4205-B395-1554B49CCEE3}.Release|Any CPU.Build.0 = Release|Any CPU
		{8947442F-25F3-4A89-A120-85F7B52CCED2}.Debug|Any CPU.ActiveCfg = Debug|Any CPU
		{8947442F-25F3-4A89-A120-85F7B52CCED2}.Debug|Any CPU.Build.0 = Debug|Any CPU
		{8947442F-25F3-4A89-A120-85F7B52CCED2}.Release|Any CPU.ActiveCfg = Release|Any CPU
		{8947442F-25F3-4A89-A120-85F7B52CCED2}.Release|Any CPU.Build.0 = Release|Any CPU
		{1A1E8562-0735-4BD8-8D01-25B1442602ED}.Debug|Any CPU.ActiveCfg = Debug|Any CPU
		{1A1E8562-0735-4BD8-8D01-25B1442602ED}.Debug|Any CPU.Build.0 = Debug|Any CPU
		{1A1E8562-0735-4BD8-8D01-25B1442602ED}.Release|Any CPU.ActiveCfg = Release|Any CPU
		{1A1E8562-0735-4BD8-8D01-25B1442602ED}.Release|Any CPU.Build.0 = Release|Any CPU
	EndGlobalSection
	GlobalSection(SolutionProperties) = preSolution
		HideSolutionNode = FALSE
	EndGlobalSection
	GlobalSection(ExtensibilityGlobals) = postSolution
		SolutionGuid = {4431E5D4-4877-4B2D-994A-BABC959F7C9E}
	EndGlobalSection
EndGlobal
